
Microsoft Visual Studio Solution File, Format Version 12.00
# Visual Studio 15
VisualStudioVersion = 15.0.26730.12
MinimumVisualStudioVersion = 10.0.40219.1
Project("{8BC9CEB8-8B4A-11D0-8D11-00A0C91BC942}") = "OSTLCore", "OSTLCore\OSTLCore.vcxproj", "{09A8493C-F3A7-4CB2-A9B7-CDFCFE1826E5}"
EndProject
Project("{8BC9CEB8-8B4A-11D0-8D11-00A0C91BC942}") = "OSock", "OSock\OSock.vcxproj", "{E61DB8C8-386A-45E0-B11D-8984D5FD6E81}"
	ProjectSection(ProjectDependencies) = postProject
		{09A8493C-F3A7-4CB2-A9B7-CDFCFE1826E5} = {09A8493C-F3A7-4CB2-A9B7-CDFCFE1826E5}
	EndProjectSection
EndProject
Project("{8BC9CEB8-8B4A-11D0-8D11-00A0C91BC942}") = "OGCore", "OGCore\OGCore.vcxproj", "{1073FF2D-E5AF-427C-AEB1-C5057C26CEAB}"
	ProjectSection(ProjectDependencies) = postProject
		{09A8493C-F3A7-4CB2-A9B7-CDFCFE1826E5} = {09A8493C-F3A7-4CB2-A9B7-CDFCFE1826E5}
		{1C5EEDA5-ADDA-4020-B3C8-51C3AFFC2350} = {1C5EEDA5-ADDA-4020-B3C8-51C3AFFC2350}
	EndProjectSection
EndProject
Project("{8BC9CEB8-8B4A-11D0-8D11-00A0C91BC942}") = "OWCore", "OWCore\OWCore.vcxproj", "{1C5EEDA5-ADDA-4020-B3C8-51C3AFFC2350}"
	ProjectSection(ProjectDependencies) = postProject
		{09A8493C-F3A7-4CB2-A9B7-CDFCFE1826E5} = {09A8493C-F3A7-4CB2-A9B7-CDFCFE1826E5}
	EndProjectSection
EndProject
Project("{8BC9CEB8-8B4A-11D0-8D11-00A0C91BC942}") = "OGOGL", "OGOGL\OGOGL.vcxproj", "{90C7314C-3457-4965-BE4B-16F4DF099053}"
	ProjectSection(ProjectDependencies) = postProject
		{09A8493C-F3A7-4CB2-A9B7-CDFCFE1826E5} = {09A8493C-F3A7-4CB2-A9B7-CDFCFE1826E5}
		{1C5EEDA5-ADDA-4020-B3C8-51C3AFFC2350} = {1C5EEDA5-ADDA-4020-B3C8-51C3AFFC2350}
	EndProjectSection
EndProject
Project("{8BC9CEB8-8B4A-11D0-8D11-00A0C91BC942}") = "OECore", "OECore\OECore.vcxproj", "{759A6298-245B-4F4B-9C05-415E8593AA28}"
	ProjectSection(ProjectDependencies) = postProject
		{1073FF2D-E5AF-427C-AEB1-C5057C26CEAB} = {1073FF2D-E5AF-427C-AEB1-C5057C26CEAB}
		{09A8493C-F3A7-4CB2-A9B7-CDFCFE1826E5} = {09A8493C-F3A7-4CB2-A9B7-CDFCFE1826E5}
		{1C5EEDA5-ADDA-4020-B3C8-51C3AFFC2350} = {1C5EEDA5-ADDA-4020-B3C8-51C3AFFC2350}
	EndProjectSection
EndProject
Global
	GlobalSection(Performance) = preSolution
		HasPerformanceSessions = true
	EndGlobalSection
	GlobalSection(SolutionConfigurationPlatforms) = preSolution
		Debug|x64 = Debug|x64
		Debug|x86 = Debug|x86
		Release|x64 = Release|x64
		Release|x86 = Release|x86
	EndGlobalSection
	GlobalSection(ProjectConfigurationPlatforms) = postSolution
		{09A8493C-F3A7-4CB2-A9B7-CDFCFE1826E5}.Debug|x64.ActiveCfg = Debug|x64
		{09A8493C-F3A7-4CB2-A9B7-CDFCFE1826E5}.Debug|x64.Build.0 = Debug|x64
		{09A8493C-F3A7-4CB2-A9B7-CDFCFE1826E5}.Debug|x86.ActiveCfg = Debug|Win32
		{09A8493C-F3A7-4CB2-A9B7-CDFCFE1826E5}.Debug|x86.Build.0 = Debug|Win32
		{09A8493C-F3A7-4CB2-A9B7-CDFCFE1826E5}.Release|x64.ActiveCfg = Release|x64
		{09A8493C-F3A7-4CB2-A9B7-CDFCFE1826E5}.Release|x64.Build.0 = Release|x64
		{09A8493C-F3A7-4CB2-A9B7-CDFCFE1826E5}.Release|x86.ActiveCfg = Release|Win32
		{09A8493C-F3A7-4CB2-A9B7-CDFCFE1826E5}.Release|x86.Build.0 = Release|Win32
		{E61DB8C8-386A-45E0-B11D-8984D5FD6E81}.Debug|x64.ActiveCfg = Debug|x64
		{E61DB8C8-386A-45E0-B11D-8984D5FD6E81}.Debug|x64.Build.0 = Debug|x64
		{E61DB8C8-386A-45E0-B11D-8984D5FD6E81}.Debug|x86.ActiveCfg = Debug|Win32
		{E61DB8C8-386A-45E0-B11D-8984D5FD6E81}.Debug|x86.Build.0 = Debug|Win32
		{E61DB8C8-386A-45E0-B11D-8984D5FD6E81}.Release|x64.ActiveCfg = Release|x64
		{E61DB8C8-386A-45E0-B11D-8984D5FD6E81}.Release|x64.Build.0 = Release|x64
		{E61DB8C8-386A-45E0-B11D-8984D5FD6E81}.Release|x86.ActiveCfg = Release|Win32
		{E61DB8C8-386A-45E0-B11D-8984D5FD6E81}.Release|x86.Build.0 = Release|Win32
		{1073FF2D-E5AF-427C-AEB1-C5057C26CEAB}.Debug|x64.ActiveCfg = Debug|x64
		{1073FF2D-E5AF-427C-AEB1-C5057C26CEAB}.Debug|x64.Build.0 = Debug|x64
		{1073FF2D-E5AF-427C-AEB1-C5057C26CEAB}.Debug|x86.ActiveCfg = Debug|Win32
		{1073FF2D-E5AF-427C-AEB1-C5057C26CEAB}.Debug|x86.Build.0 = Debug|Win32
		{1073FF2D-E5AF-427C-AEB1-C5057C26CEAB}.Release|x64.ActiveCfg = Release|x64
		{1073FF2D-E5AF-427C-AEB1-C5057C26CEAB}.Release|x64.Build.0 = Release|x64
		{1073FF2D-E5AF-427C-AEB1-C5057C26CEAB}.Release|x86.ActiveCfg = Release|Win32
		{1073FF2D-E5AF-427C-AEB1-C5057C26CEAB}.Release|x86.Build.0 = Release|Win32
		{1C5EEDA5-ADDA-4020-B3C8-51C3AFFC2350}.Debug|x64.ActiveCfg = Debug|x64
		{1C5EEDA5-ADDA-4020-B3C8-51C3AFFC2350}.Debug|x64.Build.0 = Debug|x64
		{1C5EEDA5-ADDA-4020-B3C8-51C3AFFC2350}.Debug|x86.ActiveCfg = Debug|Win32
		{1C5EEDA5-ADDA-4020-B3C8-51C3AFFC2350}.Debug|x86.Build.0 = Debug|Win32
		{1C5EEDA5-ADDA-4020-B3C8-51C3AFFC2350}.Release|x64.ActiveCfg = Release|x64
		{1C5EEDA5-ADDA-4020-B3C8-51C3AFFC2350}.Release|x64.Build.0 = Release|x64
		{1C5EEDA5-ADDA-4020-B3C8-51C3AFFC2350}.Release|x86.ActiveCfg = Release|Win32
		{1C5EEDA5-ADDA-4020-B3C8-51C3AFFC2350}.Release|x86.Build.0 = Release|Win32
		{90C7314C-3457-4965-BE4B-16F4DF099053}.Debug|x64.ActiveCfg = Debug|x64
		{90C7314C-3457-4965-BE4B-16F4DF099053}.Debug|x64.Build.0 = Debug|x64
		{90C7314C-3457-4965-BE4B-16F4DF099053}.Debug|x86.ActiveCfg = Debug|Win32
		{90C7314C-3457-4965-BE4B-16F4DF099053}.Debug|x86.Build.0 = Debug|Win32
		{90C7314C-3457-4965-BE4B-16F4DF099053}.Release|x64.ActiveCfg = Release|x64
		{90C7314C-3457-4965-BE4B-16F4DF099053}.Release|x64.Build.0 = Release|x64
		{90C7314C-3457-4965-BE4B-16F4DF099053}.Release|x86.ActiveCfg = Release|Win32
		{90C7314C-3457-4965-BE4B-16F4DF099053}.Release|x86.Build.0 = Release|Win32
		{759A6298-245B-4F4B-9C05-415E8593AA28}.Debug|x64.ActiveCfg = Debug|x64
		{759A6298-245B-4F4B-9C05-415E8593AA28}.Debug|x64.Build.0 = Debug|x64
		{759A6298-245B-4F4B-9C05-415E8593AA28}.Debug|x86.ActiveCfg = Debug|Win32
		{759A6298-245B-4F4B-9C05-415E8593AA28}.Debug|x86.Build.0 = Debug|Win32
		{759A6298-245B-4F4B-9C05-415E8593AA28}.Release|x64.ActiveCfg = Release|x64
		{759A6298-245B-4F4B-9C05-415E8593AA28}.Release|x64.Build.0 = Release|x64
		{759A6298-245B-4F4B-9C05-415E8593AA28}.Release|x86.ActiveCfg = Release|Win32
		{759A6298-245B-4F4B-9C05-415E8593AA28}.Release|x86.Build.0 = Release|Win32
	EndGlobalSection
	GlobalSection(SolutionProperties) = preSolution
		HideSolutionNode = FALSE
	EndGlobalSection
	GlobalSection(ExtensibilityGlobals) = postSolution
		SolutionGuid = {5CB7F4F1-C398-4634-976D-369A4B7854A6}
	EndGlobalSection
EndGlobal
